
Microsoft Visual Studio Solution File, Format Version 12.00
Project("{FAE04EC0-301F-11D3-BF4B-00C04F79EFBC}") = "Herencia", "Herencia\Herencia.csproj", "{C5FE9CB7-C8DB-4BB0-A607-BEDBB53818C8}"
EndProject
Global
	GlobalSection(SolutionConfigurationPlatforms) = preSolution
		Debug|Any CPU = Debug|Any CPU
		Release|Any CPU = Release|Any CPU
	EndGlobalSection
	GlobalSection(ProjectConfigurationPlatforms) = postSolution
		{C5FE9CB7-C8DB-4BB0-A607-BEDBB53818C8}.Debug|Any CPU.ActiveCfg = Debug|Any CPU
		{C5FE9CB7-C8DB-4BB0-A607-BEDBB53818C8}.Debug|Any CPU.Build.0 = Debug|Any CPU
		{C5FE9CB7-C8DB-4BB0-A607-BEDBB53818C8}.Release|Any CPU.ActiveCfg = Release|Any CPU
		{C5FE9CB7-C8DB-4BB0-A607-BEDBB53818C8}.Release|Any CPU.Build.0 = Release|Any CPU
	EndGlobalSection
EndGlobal
